
Microsoft Visual Studio Solution File, Format Version 12.00
# Visual Studio Version 17
VisualStudioVersion = 17.0.31903.59
MinimumVisualStudioVersion = 10.0.40219.1
Project("{FAE04EC0-301F-11D3-BF4B-00C04F79EFBC}") = "Producer", "Producer\Producer.csproj", "{520188C0-C7D1-4188-895D-E53500307911}"
EndProject
Project("{FAE04EC0-301F-11D3-BF4B-00C04F79EFBC}") = "Consumer", "Consumer\Consumer.csproj", "{87464E57-8834-4CCF-B1E0-162F3483B634}"
EndProject
Project("{FAE04EC0-301F-11D3-BF4B-00C04F79EFBC}") = "Shared", "Shared\Shared.csproj", "{E6D53A27-2FEB-4C89-905E-13C50A26E6C5}"
EndProject
Project("{FAE04EC0-301F-11D3-BF4B-00C04F79EFBC}") = "Tests", "Tests\Tests.csproj", "{C2C3E8F7-7B80-4F75-974E-E2450A05242D}"
EndProject
Global
	GlobalSection(SolutionConfigurationPlatforms) = preSolution
		Debug|Any CPU = Debug|Any CPU
		Debug|x64 = Debug|x64
		Debug|x86 = Debug|x86
		Release|Any CPU = Release|Any CPU
		Release|x64 = Release|x64
		Release|x86 = Release|x86
	EndGlobalSection
	GlobalSection(ProjectConfigurationPlatforms) = postSolution
		{520188C0-C7D1-4188-895D-E53500307911}.Debug|Any CPU.ActiveCfg = Debug|Any CPU
		{520188C0-C7D1-4188-895D-E53500307911}.Debug|Any CPU.Build.0 = Debug|Any CPU
		{520188C0-C7D1-4188-895D-E53500307911}.Debug|x64.ActiveCfg = Debug|Any CPU
		{520188C0-C7D1-4188-895D-E53500307911}.Debug|x64.Build.0 = Debug|Any CPU
		{520188C0-C7D1-4188-895D-E53500307911}.Debug|x86.ActiveCfg = Debug|Any CPU
		{520188C0-C7D1-4188-895D-E53500307911}.Debug|x86.Build.0 = Debug|Any CPU
		{520188C0-C7D1-4188-895D-E53500307911}.Release|Any CPU.ActiveCfg = Release|Any CPU
		{520188C0-C7D1-4188-895D-E53500307911}.Release|Any CPU.Build.0 = Release|Any CPU
		{520188C0-C7D1-4188-895D-E53500307911}.Release|x64.ActiveCfg = Release|Any CPU
		{520188C0-C7D1-4188-895D-E53500307911}.Release|x64.Build.0 = Release|Any CPU
		{520188C0-C7D1-4188-895D-E53500307911}.Release|x86.ActiveCfg = Release|Any CPU
		{520188C0-C7D1-4188-895D-E53500307911}.Release|x86.Build.0 = Release|Any CPU
		{87464E57-8834-4CCF-B1E0-162F3483B634}.Debug|Any CPU.ActiveCfg = Debug|Any CPU
		{87464E57-8834-4CCF-B1E0-162F3483B634}.Debug|Any CPU.Build.0 = Debug|Any CPU
		{87464E57-8834-4CCF-B1E0-162F3483B634}.Debug|x64.ActiveCfg = Debug|Any CPU
		{87464E57-8834-4CCF-B1E0-162F3483B634}.Debug|x64.Build.0 = Debug|Any CPU
		{87464E57-8834-4CCF-B1E0-162F3483B634}.Debug|x86.ActiveCfg = Debug|Any CPU
		{87464E57-8834-4CCF-B1E0-162F3483B634}.Debug|x86.Build.0 = Debug|Any CPU
		{87464E57-8834-4CCF-B1E0-162F3483B634}.Release|Any CPU.ActiveCfg = Release|Any CPU
		{87464E57-8834-4CCF-B1E0-162F3483B634}.Release|Any CPU.Build.0 = Release|Any CPU
		{87464E57-8834-4CCF-B1E0-162F3483B634}.Release|x64.ActiveCfg = Release|Any CPU
		{87464E57-8834-4CCF-B1E0-162F3483B634}.Release|x64.Build.0 = Release|Any CPU
		{87464E57-8834-4CCF-B1E0-162F3483B634}.Release|x86.ActiveCfg = Release|Any CPU
		{87464E57-8834-4CCF-B1E0-162F3483B634}.Release|x86.Build.0 = Release|Any CPU
		{E6D53A27-2FEB-4C89-905E-13C50A26E6C5}.Debug|Any CPU.ActiveCfg = Debug|Any CPU
		{E6D53A27-2FEB-4C89-905E-13C50A26E6C5}.Debug|Any CPU.Build.0 = Debug|Any CPU
		{E6D53A27-2FEB-4C89-905E-13C50A26E6C5}.Debug|x64.ActiveCfg = Debug|Any CPU
		{E6D53A27-2FEB-4C89-905E-13C50A26E6C5}.Debug|x64.Build.0 = Debug|Any CPU
		{E6D53A27-2FEB-4C89-905E-13C50A26E6C5}.Debug|x86.ActiveCfg = Debug|Any CPU
		{E6D53A27-2FEB-4C89-905E-13C50A26E6C5}.Debug|x86.Build.0 = Debug|Any CPU
		{E6D53A27-2FEB-4C89-905E-13C50A26E6C5}.Release|Any CPU.ActiveCfg = Release|Any CPU
		{E6D53A27-2FEB-4C89-905E-13C50A26E6C5}.Release|Any CPU.Build.0 = Release|Any CPU
		{E6D53A27-2FEB-4C89-905E-13C50A26E6C5}.Release|x64.ActiveCfg = Release|Any CPU
		{E6D53A27-2FEB-4C89-905E-13C50A26E6C5}.Release|x64.Build.0 = Release|Any CPU
		{E6D53A27-2FEB-4C89-905E-13C50A26E6C5}.Release|x86.ActiveCfg = Release|Any CPU
		{E6D53A27-2FEB-4C89-905E-13C50A26E6C5}.Release|x86.Build.0 = Release|Any CPU
		{C2C3E8F7-7B80-4F75-974E-E2450A05242D}.Debug|Any CPU.ActiveCfg = Debug|Any CPU
		{C2C3E8F7-7B80-4F75-974E-E2450A05242D}.Debug|Any CPU.Build.0 = Debug|Any CPU
		{C2C3E8F7-7B80-4F75-974E-E2450A05242D}.Debug|x64.ActiveCfg = Debug|Any CPU
		{C2C3E8F7-7B80-4F75-974E-E2450A05242D}.Debug|x64.Build.0 = Debug|Any CPU
		{C2C3E8F7-7B80-4F75-974E-E2450A05242D}.Debug|x86.ActiveCfg = Debug|Any CPU
		{C2C3E8F7-7B80-4F75-974E-E2450A05242D}.Debug|x86.Build.0 = Debug|Any CPU
		{C2C3E8F7-7B80-4F75-974E-E2450A05242D}.Release|Any CPU.ActiveCfg = Release|Any CPU
		{C2C3E8F7-7B80-4F75-974E-E2450A05242D}.Release|Any CPU.Build.0 = Release|Any CPU
		{C2C3E8F7-7B80-4F75-974E-E2450A05242D}.Release|x64.ActiveCfg = Release|Any CPU
		{C2C3E8F7-7B80-4F75-974E-E2450A05242D}.Release|x64.Build.0 = Release|Any CPU
		{C2C3E8F7-7B80-4F75-974E-E2450A05242D}.Release|x86.ActiveCfg = Release|Any CPU
		{C2C3E8F7-7B80-4F75-974E-E2450A05242D}.Release|x86.Build.0 = Release|Any CPU
	EndGlobalSection
	GlobalSection(SolutionProperties) = preSolution
		HideSolutionNode = FALSE
	EndGlobalSection
EndGlobal
